
Microsoft Visual Studio Solution File, Format Version 12.00
# Visual Studio Version 17
VisualStudioVersion = 17.9.34607.119
MinimumVisualStudioVersion = 10.0.40219.1
Project("{FAE04EC0-301F-11D3-BF4B-00C04F79EFBC}") = "Balls", "Balls\Balls.csproj", "{A96F22E6-5F3F-4743-82A0-8F6F329E79A8}"
EndProject
Global
	GlobalSection(SolutionConfigurationPlatforms) = preSolution
		Debug|Any CPU = Debug|Any CPU
		Release|Any CPU = Release|Any CPU
	EndGlobalSection
	GlobalSection(ProjectConfigurationPlatforms) = postSolution
		{A96F22E6-5F3F-4743-82A0-8F6F329E79A8}.Debug|Any CPU.ActiveCfg = Debug|Any CPU
		{A96F22E6-5F3F-4743-82A0-8F6F329E79A8}.Debug|Any CPU.Build.0 = Debug|Any CPU
		{A96F22E6-5F3F-4743-82A0-8F6F329E79A8}.Release|Any CPU.ActiveCfg = Release|Any CPU
		{A96F22E6-5F3F-4743-82A0-8F6F329E79A8}.Release|Any CPU.Build.0 = Release|Any CPU
	EndGlobalSection
	GlobalSection(SolutionProperties) = preSolution
		HideSolutionNode = FALSE
	EndGlobalSection
	GlobalSection(ExtensibilityGlobals) = postSolution
		SolutionGuid = {6E95D920-4AD8-4BB5-9ACC-9CABE4930025}
	EndGlobalSection
EndGlobal
