
Microsoft Visual Studio Solution File, Format Version 12.00
# Visual Studio Version 17
VisualStudioVersion = 17.9.34607.119
MinimumVisualStudioVersion = 10.0.40219.1
Project("{FAE04EC0-301F-11D3-BF4B-00C04F79EFBC}") = "CashAccount", "CashAccount\CashAccount.csproj", "{90BDBA60-6CBB-496D-BE25-05DFB8C6671B}"
EndProject
Global
	GlobalSection(SolutionConfigurationPlatforms) = preSolution
		Debug|Any CPU = Debug|Any CPU
		Release|Any CPU = Release|Any CPU
	EndGlobalSection
	GlobalSection(ProjectConfigurationPlatforms) = postSolution
		{90BDBA60-6CBB-496D-BE25-05DFB8C6671B}.Debug|Any CPU.ActiveCfg = Debug|Any CPU
		{90BDBA60-6CBB-496D-BE25-05DFB8C6671B}.Debug|Any CPU.Build.0 = Debug|Any CPU
		{90BDBA60-6CBB-496D-BE25-05DFB8C6671B}.Release|Any CPU.ActiveCfg = Release|Any CPU
		{90BDBA60-6CBB-496D-BE25-05DFB8C6671B}.Release|Any CPU.Build.0 = Release|Any CPU
	EndGlobalSection
	GlobalSection(SolutionProperties) = preSolution
		HideSolutionNode = FALSE
	EndGlobalSection
	GlobalSection(ExtensibilityGlobals) = postSolution
		SolutionGuid = {8827B652-7943-4139-8DA1-5C538387CFFA}
	EndGlobalSection
EndGlobal
