
Microsoft Visual Studio Solution File, Format Version 12.00
# Visual Studio Version 17
VisualStudioVersion = 17.9.34607.119
MinimumVisualStudioVersion = 10.0.40219.1
Project("{FAE04EC0-301F-11D3-BF4B-00C04F79EFBC}") = "SaveCircle", "SaveCircle\SaveCircle.csproj", "{2BA4B3C4-3C20-413C-BCDC-61041F04085C}"
EndProject
Global
	GlobalSection(SolutionConfigurationPlatforms) = preSolution
		Debug|Any CPU = Debug|Any CPU
		Release|Any CPU = Release|Any CPU
	EndGlobalSection
	GlobalSection(ProjectConfigurationPlatforms) = postSolution
		{2BA4B3C4-3C20-413C-BCDC-61041F04085C}.Debug|Any CPU.ActiveCfg = Debug|Any CPU
		{2BA4B3C4-3C20-413C-BCDC-61041F04085C}.Debug|Any CPU.Build.0 = Debug|Any CPU
		{2BA4B3C4-3C20-413C-BCDC-61041F04085C}.Release|Any CPU.ActiveCfg = Release|Any CPU
		{2BA4B3C4-3C20-413C-BCDC-61041F04085C}.Release|Any CPU.Build.0 = Release|Any CPU
	EndGlobalSection
	GlobalSection(SolutionProperties) = preSolution
		HideSolutionNode = FALSE
	EndGlobalSection
	GlobalSection(ExtensibilityGlobals) = postSolution
		SolutionGuid = {F2C4E1CC-0B41-41A0-AC0A-86C31A2584FE}
	EndGlobalSection
EndGlobal
