
Microsoft Visual Studio Solution File, Format Version 12.00
# Visual Studio Version 17
VisualStudioVersion = 17.9.34607.119
MinimumVisualStudioVersion = 10.0.40219.1
Project("{FAE04EC0-301F-11D3-BF4B-00C04F79EFBC}") = "WindowsFormsApp1", "WindowsFormsApp1\WindowsFormsApp1.csproj", "{B942BDA9-8113-409B-B5B8-3451B1D5FEDF}"
EndProject
Global
	GlobalSection(SolutionConfigurationPlatforms) = preSolution
		Debug|Any CPU = Debug|Any CPU
		Release|Any CPU = Release|Any CPU
	EndGlobalSection
	GlobalSection(ProjectConfigurationPlatforms) = postSolution
		{B942BDA9-8113-409B-B5B8-3451B1D5FEDF}.Debug|Any CPU.ActiveCfg = Debug|Any CPU
		{B942BDA9-8113-409B-B5B8-3451B1D5FEDF}.Debug|Any CPU.Build.0 = Debug|Any CPU
		{B942BDA9-8113-409B-B5B8-3451B1D5FEDF}.Release|Any CPU.ActiveCfg = Release|Any CPU
		{B942BDA9-8113-409B-B5B8-3451B1D5FEDF}.Release|Any CPU.Build.0 = Release|Any CPU
	EndGlobalSection
	GlobalSection(SolutionProperties) = preSolution
		HideSolutionNode = FALSE
	EndGlobalSection
	GlobalSection(ExtensibilityGlobals) = postSolution
		SolutionGuid = {FCFE5282-8431-4644-92D2-26BAFAC6AC9D}
	EndGlobalSection
EndGlobal
